// !$*UTF8*$!
{
	archiveVersion = 1;
	classes = {
	};
	objectVersion = 48;
	objects = {

/* Begin PBXBuildFile section */
		3F25FB031FD41E9600606A59 /* AppDelegate.swift in Sources */ = {isa = PBXBuildFile; fileRef = 3F25FB021FD41E9600606A59 /* AppDelegate.swift */; };
		3F25FB051FD41E9600606A59 /* ViewController.swift in Sources */ = {isa = PBXBuildFile; fileRef = 3F25FB041FD41E9600606A59 /* ViewController.swift */; };
		3F25FB081FD41E9600606A59 /* Main.storyboard in Resources */ = {isa = PBXBuildFile; fileRef = 3F25FB061FD41E9600606A59 /* Main.storyboard */; };
		3F25FB0A1FD41E9600606A59 /* Assets.xcassets in Resources */ = {isa = PBXBuildFile; fileRef = 3F25FB091FD41E9600606A59 /* Assets.xcassets */; };
		3F25FB0D1FD41E9600606A59 /* LaunchScreen.storyboard in Resources */ = {isa = PBXBuildFile; fileRef = 3F25FB0B1FD41E9600606A59 /* LaunchScreen.storyboard */; };
		3F25FB181FD41E9800606A59 /* MusicKeyboardTests.swift in Sources */ = {isa = PBXBuildFile; fileRef = 3F25FB171FD41E9800606A59 /* MusicKeyboardTests.swift */; };
		3F25FB291FD41F4D00606A59 /* KeyboardViewController.swift in Sources */ = {isa = PBXBuildFile; fileRef = 3F25FB281FD41F4D00606A59 /* KeyboardViewController.swift */; };
		3F25FB2D1FD41F4D00606A59 /* MusicKeyboardExtension.appex in Embed App Extensions */ = {isa = PBXBuildFile; fileRef = 3F25FB261FD41F4C00606A59 /* MusicKeyboardExtension.appex */; settings = {ATTRIBUTES = (RemoveHeadersOnCopy, ); }; };
		3F25FB3D1FD423EE00606A59 /* MusicKeysDatasource.swift in Sources */ = {isa = PBXBuildFile; fileRef = 3F25FB3B1FD420E800606A59 /* MusicKeysDatasource.swift */; };
		3F25FB3E1FD423FC00606A59 /* Keyboard.xib in Resources */ = {isa = PBXBuildFile; fileRef = 3F25FB331FD41FA800606A59 /* Keyboard.xib */; };
		3F25FB401FD4240D00606A59 /* MusicKeyCollectionViewCell.swift in Sources */ = {isa = PBXBuildFile; fileRef = 3F25FB371FD4206600606A59 /* MusicKeyCollectionViewCell.swift */; };
		3F25FB411FD4241200606A59 /* MusicKeyCollectionViewCell.xib in Resources */ = {isa = PBXBuildFile; fileRef = 3F25FB381FD4206600606A59 /* MusicKeyCollectionViewCell.xib */; };
/* End PBXBuildFile section */

/* Begin PBXContainerItemProxy section */
		3F25FB141FD41E9800606A59 /* PBXContainerItemProxy */ = {
			isa = PBXContainerItemProxy;
			containerPortal = 3F25FAF71FD41E9600606A59 /* Project object */;
			proxyType = 1;
			remoteGlobalIDString = 3F25FAFE1FD41E9600606A59;
			remoteInfo = MusicKeyboard;
		};
		3F25FB2B1FD41F4D00606A59 /* PBXContainerItemProxy */ = {
			isa = PBXContainerItemProxy;
			containerPortal = 3F25FAF71FD41E9600606A59 /* Project object */;
			proxyType = 1;
			remoteGlobalIDString = 3F25FB251FD41F4C00606A59;
			remoteInfo = MusicKeyboardExtension;
		};
/* End PBXContainerItemProxy section */

/* Begin PBXCopyFilesBuildPhase section */
		3F25FB311FD41F4D00606A59 /* Embed App Extensions */ = {
			isa = PBXCopyFilesBuildPhase;
			buildActionMask = 2147483647;
			dstPath = "";
			dstSubfolderSpec = 13;
			files = (
				3F25FB2D1FD41F4D00606A59 /* MusicKeyboardExtension.appex in Embed App Extensions */,
			);
			name = "Embed App Extensions";
			runOnlyForDeploymentPostprocessing = 0;
		};
/* End PBXCopyFilesBuildPhase section */

/* Begin PBXFileReference section */
		3F25FAFF1FD41E9600606A59 /* MusicKeyboard.app */ = {isa = PBXFileReference; explicitFileType = wrapper.application; includeInIndex = 0; path = MusicKeyboard.app; sourceTree = BUILT_PRODUCTS_DIR; };
		3F25FB021FD41E9600606A59 /* AppDelegate.swift */ = {isa = PBXFileReference; lastKnownFileType = sourcecode.swift; path = AppDelegate.swift; sourceTree = "<group>"; };
		3F25FB041FD41E9600606A59 /* ViewController.swift */ = {isa = PBXFileReference; lastKnownFileType = sourcecode.swift; path = ViewController.swift; sourceTree = "<group>"; };
		3F25FB071FD41E9600606A59 /* Base */ = {isa = PBXFileReference; lastKnownFileType = file.storyboard; name = Base; path = Base.lproj/Main.storyboard; sourceTree = "<group>"; };
		3F25FB091FD41E9600606A59 /* Assets.xcassets */ = {isa = PBXFileReference; lastKnownFileType = folder.assetcatalog; path = Assets.xcassets; sourceTree = "<group>"; };
		3F25FB0C1FD41E9600606A59 /* Base */ = {isa = PBXFileReference; lastKnownFileType = file.storyboard; name = Base; path = Base.lproj/LaunchScreen.storyboard; sourceTree = "<group>"; };
		3F25FB0E1FD41E9600606A59 /* Info.plist */ = {isa = PBXFileReference; lastKnownFileType = text.plist.xml; path = Info.plist; sourceTree = "<group>"; };
		3F25FB131FD41E9800606A59 /* MusicKeyboardTests.xctest */ = {isa = PBXFileReference; explicitFileType = wrapper.cfbundle; includeInIndex = 0; path = MusicKeyboardTests.xctest; sourceTree = BUILT_PRODUCTS_DIR; };
		3F25FB171FD41E9800606A59 /* MusicKeyboardTests.swift */ = {isa = PBXFileReference; lastKnownFileType = sourcecode.swift; path = MusicKeyboardTests.swift; sourceTree = "<group>"; };
		3F25FB191FD41E9800606A59 /* Info.plist */ = {isa = PBXFileReference; lastKnownFileType = text.plist.xml; path = Info.plist; sourceTree = "<group>"; };
		3F25FB261FD41F4C00606A59 /* MusicKeyboardExtension.appex */ = {isa = PBXFileReference; explicitFileType = "wrapper.app-extension"; includeInIndex = 0; path = MusicKeyboardExtension.appex; sourceTree = BUILT_PRODUCTS_DIR; };
		3F25FB281FD41F4D00606A59 /* KeyboardViewController.swift */ = {isa = PBXFileReference; lastKnownFileType = sourcecode.swift; path = KeyboardViewController.swift; sourceTree = "<group>"; };
		3F25FB2A1FD41F4D00606A59 /* Info.plist */ = {isa = PBXFileReference; lastKnownFileType = text.plist.xml; path = Info.plist; sourceTree = "<group>"; };
		3F25FB331FD41FA800606A59 /* Keyboard.xib */ = {isa = PBXFileReference; lastKnownFileType = file.xib; path = Keyboard.xib; sourceTree = "<group>"; };
		3F25FB371FD4206600606A59 /* MusicKeyCollectionViewCell.swift */ = {isa = PBXFileReference; lastKnownFileType = sourcecode.swift; path = MusicKeyCollectionViewCell.swift; sourceTree = "<group>"; };
		3F25FB381FD4206600606A59 /* MusicKeyCollectionViewCell.xib */ = {isa = PBXFileReference; lastKnownFileType = file.xib; path = MusicKeyCollectionViewCell.xib; sourceTree = "<group>"; };
		3F25FB3B1FD420E800606A59 /* MusicKeysDatasource.swift */ = {isa = PBXFileReference; lastKnownFileType = sourcecode.swift; path = MusicKeysDatasource.swift; sourceTree = "<group>"; };
/* End PBXFileReference section */

/* Begin PBXFrameworksBuildPhase section */
		3F25FAFC1FD41E9600606A59 /* Frameworks */ = {
			isa = PBXFrameworksBuildPhase;
			buildActionMask = 2147483647;
			files = (
			);
			runOnlyForDeploymentPostprocessing = 0;
		};
		3F25FB101FD41E9800606A59 /* Frameworks */ = {
			isa = PBXFrameworksBuildPhase;
			buildActionMask = 2147483647;
			files = (
			);
			runOnlyForDeploymentPostprocessing = 0;
		};
		3F25FB231FD41F4C00606A59 /* Frameworks */ = {
			isa = PBXFrameworksBuildPhase;
			buildActionMask = 2147483647;
			files = (
			);
			runOnlyForDeploymentPostprocessing = 0;
		};
/* End PBXFrameworksBuildPhase section */

/* Begin PBXGroup section */
		3F25FAF61FD41E9600606A59 = {
			isa = PBXGroup;
			children = (
				3F25FB011FD41E9600606A59 /* MusicKeyboard */,
				3F25FB161FD41E9800606A59 /* MusicKeyboardTests */,
				3F25FB271FD41F4D00606A59 /* MusicKeyboardExtension */,
				3F25FB001FD41E9600606A59 /* Products */,
			);
			sourceTree = "<group>";
		};
		3F25FB001FD41E9600606A59 /* Products */ = {
			isa = PBXGroup;
			children = (
				3F25FAFF1FD41E9600606A59 /* MusicKeyboard.app */,
				3F25FB131FD41E9800606A59 /* MusicKeyboardTests.xctest */,
				3F25FB261FD41F4C00606A59 /* MusicKeyboardExtension.appex */,
			);
			name = Products;
			sourceTree = "<group>";
		};
		3F25FB011FD41E9600606A59 /* MusicKeyboard */ = {
			isa = PBXGroup;
			children = (
				3F25FB021FD41E9600606A59 /* AppDelegate.swift */,
				3F25FB041FD41E9600606A59 /* ViewController.swift */,
				3F25FB061FD41E9600606A59 /* Main.storyboard */,
				3F25FB091FD41E9600606A59 /* Assets.xcassets */,
				3F25FB0B1FD41E9600606A59 /* LaunchScreen.storyboard */,
				3F25FB0E1FD41E9600606A59 /* Info.plist */,
			);
			path = MusicKeyboard;
			sourceTree = "<group>";
		};
		3F25FB161FD41E9800606A59 /* MusicKeyboardTests */ = {
			isa = PBXGroup;
			children = (
				3F25FB171FD41E9800606A59 /* MusicKeyboardTests.swift */,
				3F25FB191FD41E9800606A59 /* Info.plist */,
			);
			path = MusicKeyboardTests;
			sourceTree = "<group>";
		};
		3F25FB271FD41F4D00606A59 /* MusicKeyboardExtension */ = {
			isa = PBXGroup;
			children = (
				3F25FB3B1FD420E800606A59 /* MusicKeysDatasource.swift */,
				3F25FB321FD41F8800606A59 /* View */,
				3F25FB281FD41F4D00606A59 /* KeyboardViewController.swift */,
				3F25FB2A1FD41F4D00606A59 /* Info.plist */,
			);
			path = MusicKeyboardExtension;
			sourceTree = "<group>";
		};
		3F25FB321FD41F8800606A59 /* View */ = {
			isa = PBXGroup;
			children = (
				3F25FB331FD41FA800606A59 /* Keyboard.xib */,
				3F25FB371FD4206600606A59 /* MusicKeyCollectionViewCell.swift */,
				3F25FB381FD4206600606A59 /* MusicKeyCollectionViewCell.xib */,
			);
			path = View;
			sourceTree = "<group>";
		};
/* End PBXGroup section */

/* Begin PBXNativeTarget section */
		3F25FAFE1FD41E9600606A59 /* MusicKeyboard */ = {
			isa = PBXNativeTarget;
			buildConfigurationList = 3F25FB1C1FD41E9800606A59 /* Build configuration list for PBXNativeTarget "MusicKeyboard" */;
			buildPhases = (
				3F25FAFB1FD41E9600606A59 /* Sources */,
				3F25FAFC1FD41E9600606A59 /* Frameworks */,
				3F25FAFD1FD41E9600606A59 /* Resources */,
				3F25FB311FD41F4D00606A59 /* Embed App Extensions */,
			);
			buildRules = (
			);
			dependencies = (
				3F25FB2C1FD41F4D00606A59 /* PBXTargetDependency */,
			);
			name = MusicKeyboard;
			productName = MusicKeyboard;
			productReference = 3F25FAFF1FD41E9600606A59 /* MusicKeyboard.app */;
			productType = "com.apple.product-type.application";
		};
		3F25FB121FD41E9800606A59 /* MusicKeyboardTests */ = {
			isa = PBXNativeTarget;
			buildConfigurationList = 3F25FB1F1FD41E9800606A59 /* Build configuration list for PBXNativeTarget "MusicKeyboardTests" */;
			buildPhases = (
				3F25FB0F1FD41E9800606A59 /* Sources */,
				3F25FB101FD41E9800606A59 /* Frameworks */,
				3F25FB111FD41E9800606A59 /* Resources */,
			);
			buildRules = (
			);
			dependencies = (
				3F25FB151FD41E9800606A59 /* PBXTargetDependency */,
			);
			name = MusicKeyboardTests;
			productName = MusicKeyboardTests;
			productReference = 3F25FB131FD41E9800606A59 /* MusicKeyboardTests.xctest */;
			productType = "com.apple.product-type.bundle.unit-test";
		};
		3F25FB251FD41F4C00606A59 /* MusicKeyboardExtension */ = {
			isa = PBXNativeTarget;
			buildConfigurationList = 3F25FB2E1FD41F4D00606A59 /* Build configuration list for PBXNativeTarget "MusicKeyboardExtension" */;
			buildPhases = (
				3F25FB221FD41F4C00606A59 /* Sources */,
				3F25FB231FD41F4C00606A59 /* Frameworks */,
				3F25FB241FD41F4C00606A59 /* Resources */,
			);
			buildRules = (
			);
			dependencies = (
			);
			name = MusicKeyboardExtension;
			productName = MusicKeyboardExtension;
			productReference = 3F25FB261FD41F4C00606A59 /* MusicKeyboardExtension.appex */;
			productType = "com.apple.product-type.app-extension";
		};
/* End PBXNativeTarget section */

/* Begin PBXProject section */
		3F25FAF71FD41E9600606A59 /* Project object */ = {
			isa = PBXProject;
			attributes = {
				LastSwiftUpdateCheck = 0910;
				LastUpgradeCheck = 0910;
				ORGANIZATIONNAME = "Miguel Santiago Rodríguez";
				TargetAttributes = {
					3F25FAFE1FD41E9600606A59 = {
						CreatedOnToolsVersion = 9.1;
						ProvisioningStyle = Automatic;
					};
					3F25FB121FD41E9800606A59 = {
						CreatedOnToolsVersion = 9.1;
						ProvisioningStyle = Automatic;
						TestTargetID = 3F25FAFE1FD41E9600606A59;
					};
					3F25FB251FD41F4C00606A59 = {
						CreatedOnToolsVersion = 9.1;
						ProvisioningStyle = Automatic;
					};
				};
			};
			buildConfigurationList = 3F25FAFA1FD41E9600606A59 /* Build configuration list for PBXProject "MusicKeyboard" */;
			compatibilityVersion = "Xcode 8.0";
			developmentRegion = en;
			hasScannedForEncodings = 0;
			knownRegions = (
				en,
				Base,
			);
			mainGroup = 3F25FAF61FD41E9600606A59;
			productRefGroup = 3F25FB001FD41E9600606A59 /* Products */;
			projectDirPath = "";
			projectRoot = "";
			targets = (
				3F25FAFE1FD41E9600606A59 /* MusicKeyboard */,
				3F25FB121FD41E9800606A59 /* MusicKeyboardTests */,
				3F25FB251FD41F4C00606A59 /* MusicKeyboardExtension */,
			);
		};
/* End PBXProject section */

/* Begin PBXResourcesBuildPhase section */
		3F25FAFD1FD41E9600606A59 /* Resources */ = {
			isa = PBXResourcesBuildPhase;
			buildActionMask = 2147483647;
			files = (
				3F25FB0D1FD41E9600606A59 /* LaunchScreen.storyboard in Resources */,
				3F25FB0A1FD41E9600606A59 /* Assets.xcassets in Resources */,
				3F25FB081FD41E9600606A59 /* Main.storyboard in Resources */,
			);
			runOnlyForDeploymentPostprocessing = 0;
		};
		3F25FB111FD41E9800606A59 /* Resources */ = {
			isa = PBXResourcesBuildPhase;
			buildActionMask = 2147483647;
			files = (
			);
			runOnlyForDeploymentPostprocessing = 0;
		};
		3F25FB241FD41F4C00606A59 /* Resources */ = {
			isa = PBXResourcesBuildPhase;
			buildActionMask = 2147483647;
			files = (
				3F25FB411FD4241200606A59 /* MusicKeyCollectionViewCell.xib in Resources */,
				3F25FB3E1FD423FC00606A59 /* Keyboard.xib in Resources */,
			);
			runOnlyForDeploymentPostprocessing = 0;
		};
/* End PBXResourcesBuildPhase section */

/* Begin PBXSourcesBuildPhase section */
		3F25FAFB1FD41E9600606A59 /* Sources */ = {
			isa = PBXSourcesBuildPhase;
			buildActionMask = 2147483647;
			files = (
				3F25FB051FD41E9600606A59 /* ViewController.swift in Sources */,
				3F25FB031FD41E9600606A59 /* AppDelegate.swift in Sources */,
			);
			runOnlyForDeploymentPostprocessing = 0;
		};
		3F25FB0F1FD41E9800606A59 /* Sources */ = {
			isa = PBXSourcesBuildPhase;
			buildActionMask = 2147483647;
			files = (
				3F25FB181FD41E9800606A59 /* MusicKeyboardTests.swift in Sources */,
			);
			runOnlyForDeploymentPostprocessing = 0;
		};
		3F25FB221FD41F4C00606A59 /* Sources */ = {
			isa = PBXSourcesBuildPhase;
			buildActionMask = 2147483647;
			files = (
				3F25FB401FD4240D00606A59 /* MusicKeyCollectionViewCell.swift in Sources */,
				3F25FB3D1FD423EE00606A59 /* MusicKeysDatasource.swift in Sources */,
				3F25FB291FD41F4D00606A59 /* KeyboardViewController.swift in Sources */,
			);
			runOnlyForDeploymentPostprocessing = 0;
		};
/* End PBXSourcesBuildPhase section */

/* Begin PBXTargetDependency section */
		3F25FB151FD41E9800606A59 /* PBXTargetDependency */ = {
			isa = PBXTargetDependency;
			target = 3F25FAFE1FD41E9600606A59 /* MusicKeyboard */;
			targetProxy = 3F25FB141FD41E9800606A59 /* PBXContainerItemProxy */;
		};
		3F25FB2C1FD41F4D00606A59 /* PBXTargetDependency */ = {
			isa = PBXTargetDependency;
			target = 3F25FB251FD41F4C00606A59 /* MusicKeyboardExtension */;
			targetProxy = 3F25FB2B1FD41F4D00606A59 /* PBXContainerItemProxy */;
		};
/* End PBXTargetDependency section */

/* Begin PBXVariantGroup section */
		3F25FB061FD41E9600606A59 /* Main.storyboard */ = {
			isa = PBXVariantGroup;
			children = (
				3F25FB071FD41E9600606A59 /* Base */,
			);
			name = Main.storyboard;
			sourceTree = "<group>";
		};
		3F25FB0B1FD41E9600606A59 /* LaunchScreen.storyboard */ = {
			isa = PBXVariantGroup;
			children = (
				3F25FB0C1FD41E9600606A59 /* Base */,
			);
			name = LaunchScreen.storyboard;
			sourceTree = "<group>";
		};
/* End PBXVariantGroup section */

/* Begin XCBuildConfiguration section */
		3F25FB1A1FD41E9800606A59 /* Debug */ = {
			isa = XCBuildConfiguration;
			buildSettings = {
				ALWAYS_SEARCH_USER_PATHS = NO;
				CLANG_ANALYZER_NONNULL = YES;
				CLANG_ANALYZER_NUMBER_OBJECT_CONVERSION = YES_AGGRESSIVE;
				CLANG_CXX_LANGUAGE_STANDARD = "gnu++14";
				CLANG_CXX_LIBRARY = "libc++";
				CLANG_ENABLE_MODULES = YES;
				CLANG_ENABLE_OBJC_ARC = YES;
				CLANG_WARN_BLOCK_CAPTURE_AUTORELEASING = YES;
				CLANG_WARN_BOOL_CONVERSION = YES;
				CLANG_WARN_COMMA = YES;
				CLANG_WARN_CONSTANT_CONVERSION = YES;
				CLANG_WARN_DIRECT_OBJC_ISA_USAGE = YES_ERROR;
				CLANG_WARN_DOCUMENTATION_COMMENTS = YES;
				CLANG_WARN_EMPTY_BODY = YES;
				CLANG_WARN_ENUM_CONVERSION = YES;
				CLANG_WARN_INFINITE_RECURSION = YES;
				CLANG_WARN_INT_CONVERSION = YES;
				CLANG_WARN_NON_LITERAL_NULL_CONVERSION = YES;
				CLANG_WARN_OBJC_LITERAL_CONVERSION = YES;
				CLANG_WARN_OBJC_ROOT_CLASS = YES_ERROR;
				CLANG_WARN_RANGE_LOOP_ANALYSIS = YES;
				CLANG_WARN_STRICT_PROTOTYPES = YES;
				CLANG_WARN_SUSPICIOUS_MOVE = YES;
				CLANG_WARN_UNGUARDED_AVAILABILITY = YES_AGGRESSIVE;
				CLANG_WARN_UNREACHABLE_CODE = YES;
				CLANG_WARN__DUPLICATE_METHOD_MATCH = YES;
				CODE_SIGN_IDENTITY = "iPhone Developer";
				COPY_PHASE_STRIP = NO;
				DEBUG_INFORMATION_FORMAT = dwarf;
				ENABLE_STRICT_OBJC_MSGSEND = YES;
				ENABLE_TESTABILITY = YES;
				GCC_C_LANGUAGE_STANDARD = gnu11;
				GCC_DYNAMIC_NO_PIC = NO;
				GCC_NO_COMMON_BLOCKS = YES;
				GCC_OPTIMIZATION_LEVEL = 0;
				GCC_PREPROCESSOR_DEFINITIONS = (
					"DEBUG=1",
					"$(inherited)",
				);
				GCC_WARN_64_TO_32_BIT_CONVERSION = YES;
				GCC_WARN_ABOUT_RETURN_TYPE = YES_ERROR;
				GCC_WARN_UNDECLARED_SELECTOR = YES;
				GCC_WARN_UNINITIALIZED_AUTOS = YES_AGGRESSIVE;
				GCC_WARN_UNUSED_FUNCTION = YES;
				GCC_WARN_UNUSED_VARIABLE = YES;
				IPHONEOS_DEPLOYMENT_TARGET = 11.1;
				MTL_ENABLE_DEBUG_INFO = YES;
				ONLY_ACTIVE_ARCH = YES;
				SDKROOT = iphoneos;
				SWIFT_ACTIVE_COMPILATION_CONDITIONS = DEBUG;
				SWIFT_OPTIMIZATION_LEVEL = "-Onone";
			};
			name = Debug;
		};
		3F25FB1B1FD41E9800606A59 /* Release */ = {
			isa = XCBuildConfiguration;
			buildSettings = {
				ALWAYS_SEARCH_USER_PATHS = NO;
				CLANG_ANALYZER_NONNULL = YES;
				CLANG_ANALYZER_NUMBER_OBJECT_CONVERSION = YES_AGGRESSIVE;
				CLANG_CXX_LANGUAGE_STANDARD = "gnu++14";
				CLANG_CXX_LIBRARY = "libc++";
				CLANG_ENABLE_MODULES = YES;
				CLANG_ENABLE_OBJC_ARC = YES;
				CLANG_WARN_BLOCK_CAPTURE_AUTORELEASING = YES;
				CLANG_WARN_BOOL_CONVERSION = YES;
				CLANG_WARN_COMMA = YES;
				CLANG_WARN_CONSTANT_CONVERSION = YES;
				CLANG_WARN_DIRECT_OBJC_ISA_USAGE = YES_ERROR;
				CLANG_WARN_DOCUMENTATION_COMMENTS = YES;
				CLANG_WARN_EMPTY_BODY = YES;
				CLANG_WARN_ENUM_CONVERSION = YES;
				CLANG_WARN_INFINITE_RECURSION = YES;
				CLANG_WARN_INT_CONVERSION = YES;
				CLANG_WARN_NON_LITERAL_NULL_CONVERSION = YES;
				CLANG_WARN_OBJC_LITERAL_CONVERSION = YES;
				CLANG_WARN_OBJC_ROOT_CLASS = YES_ERROR;
				CLANG_WARN_RANGE_LOOP_ANALYSIS = YES;
				CLANG_WARN_STRICT_PROTOTYPES = YES;
				CLANG_WARN_SUSPICIOUS_MOVE = YES;
				CLANG_WARN_UNGUARDED_AVAILABILITY = YES_AGGRESSIVE;
				CLANG_WARN_UNREACHABLE_CODE = YES;
				CLANG_WARN__DUPLICATE_METHOD_MATCH = YES;
				CODE_SIGN_IDENTITY = "iPhone Developer";
				COPY_PHASE_STRIP = NO;
				DEBUG_INFORMATION_FORMAT = "dwarf-with-dsym";
				ENABLE_NS_ASSERTIONS = NO;
				ENABLE_STRICT_OBJC_MSGSEND = YES;
				GCC_C_LANGUAGE_STANDARD = gnu11;
				GCC_NO_COMMON_BLOCKS = YES;
				GCC_WARN_64_TO_32_BIT_CONVERSION = YES;
				GCC_WARN_ABOUT_RETURN_TYPE = YES_ERROR;
				GCC_WARN_UNDECLARED_SELECTOR = YES;
				GCC_WARN_UNINITIALIZED_AUTOS = YES_AGGRESSIVE;
				GCC_WARN_UNUSED_FUNCTION = YES;
				GCC_WARN_UNUSED_VARIABLE = YES;
				IPHONEOS_DEPLOYMENT_TARGET = 11.1;
				MTL_ENABLE_DEBUG_INFO = NO;
				SDKROOT = iphoneos;
				SWIFT_OPTIMIZATION_LEVEL = "-Owholemodule";
				VALIDATE_PRODUCT = YES;
			};
			name = Release;
		};
		3F25FB1D1FD41E9800606A59 /* Debug */ = {
			isa = XCBuildConfiguration;
			buildSettings = {
				ALWAYS_EMBED_SWIFT_STANDARD_LIBRARIES = YES;
				ASSETCATALOG_COMPILER_APPICON_NAME = AppIcon;
				CODE_SIGN_STYLE = Automatic;
				DEVELOPMENT_TEAM = KDP29GBQ4N;
				INFOPLIST_FILE = MusicKeyboard/Info.plist;
				LD_RUNPATH_SEARCH_PATHS = "$(inherited) @executable_path/Frameworks";
				PRODUCT_BUNDLE_IDENTIFIER = com.gadaxara.MusicKeyboard;
				PRODUCT_NAME = "$(TARGET_NAME)";
				SWIFT_VERSION = 4.0;
				TARGETED_DEVICE_FAMILY = "1,2";
			};
			name = Debug;
		};
		3F25FB1E1FD41E9800606A59 /* Release */ = {
			isa = XCBuildConfiguration;
			buildSettings = {
				ALWAYS_EMBED_SWIFT_STANDARD_LIBRARIES = YES;
				ASSETCATALOG_COMPILER_APPICON_NAME = AppIcon;
				CODE_SIGN_STYLE = Automatic;
				DEVELOPMENT_TEAM = KDP29GBQ4N;
				INFOPLIST_FILE = MusicKeyboard/Info.plist;
				LD_RUNPATH_SEARCH_PATHS = "$(inherited) @executable_path/Frameworks";
				PRODUCT_BUNDLE_IDENTIFIER = com.gadaxara.MusicKeyboard;
				PRODUCT_NAME = "$(TARGET_NAME)";
				SWIFT_VERSION = 4.0;
				TARGETED_DEVICE_FAMILY = "1,2";
			};
			name = Release;
		};
		3F25FB201FD41E9800606A59 /* Debug */ = {
			isa = XCBuildConfiguration;
			buildSettings = {
				ALWAYS_EMBED_SWIFT_STANDARD_LIBRARIES = YES;
				BUNDLE_LOADER = "$(TEST_HOST)";
				CODE_SIGN_STYLE = Automatic;
				DEVELOPMENT_TEAM = KDP29GBQ4N;
				INFOPLIST_FILE = MusicKeyboardTests/Info.plist;
				LD_RUNPATH_SEARCH_PATHS = "$(inherited) @executable_path/Frameworks @loader_path/Frameworks";
				PRODUCT_BUNDLE_IDENTIFIER = com.gadaxara.MusicKeyboardTests;
				PRODUCT_NAME = "$(TARGET_NAME)";
				SWIFT_VERSION = 4.0;
				TARGETED_DEVICE_FAMILY = "1,2";
				TEST_HOST = "$(BUILT_PRODUCTS_DIR)/MusicKeyboard.app/MusicKeyboard";
			};
			name = Debug;
		};
		3F25FB211FD41E9800606A59 /* Release */ = {
			isa = XCBuildConfiguration;
			buildSettings = {
				ALWAYS_EMBED_SWIFT_STANDARD_LIBRARIES = YES;
				BUNDLE_LOADER = "$(TEST_HOST)";
				CODE_SIGN_STYLE = Automatic;
				DEVELOPMENT_TEAM = KDP29GBQ4N;
				INFOPLIST_FILE = MusicKeyboardTests/Info.plist;
				LD_RUNPATH_SEARCH_PATHS = "$(inherited) @executable_path/Frameworks @loader_path/Frameworks";
				PRODUCT_BUNDLE_IDENTIFIER = com.gadaxara.MusicKeyboardTests;
				PRODUCT_NAME = "$(TARGET_NAME)";
				SWIFT_VERSION = 4.0;
				TARGETED_DEVICE_FAMILY = "1,2";
				TEST_HOST = "$(BUILT_PRODUCTS_DIR)/MusicKeyboard.app/MusicKeyboard";
			};
			name = Release;
		};
		3F25FB2F1FD41F4D00606A59 /* Debug */ = {
			isa = XCBuildConfiguration;
			buildSettings = {
				CODE_SIGN_STYLE = Automatic;
				DEVELOPMENT_TEAM = KDP29GBQ4N;
				INFOPLIST_FILE = MusicKeyboardExtension/Info.plist;
				LD_RUNPATH_SEARCH_PATHS = "$(inherited) @executable_path/Frameworks @executable_path/../../Frameworks";
				PRODUCT_BUNDLE_IDENTIFIER = com.gadaxara.MusicKeyboard.MusicKeyboardExtension;
				PRODUCT_NAME = "$(TARGET_NAME)";
				SKIP_INSTALL = YES;
				SWIFT_VERSION = 4.0;
				TARGETED_DEVICE_FAMILY = "1,2";
			};
			name = Debug;
		};
		3F25FB301FD41F4D00606A59 /* Release */ = {
			isa = XCBuildConfiguration;
			buildSettings = {
				CODE_SIGN_STYLE = Automatic;
				DEVELOPMENT_TEAM = KDP29GBQ4N;
				INFOPLIST_FILE = MusicKeyboardExtension/Info.plist;
				LD_RUNPATH_SEARCH_PATHS = "$(inherited) @executable_path/Frameworks @executable_path/../../Frameworks";
				PRODUCT_BUNDLE_IDENTIFIER = com.gadaxara.MusicKeyboard.MusicKeyboardExtension;
				PRODUCT_NAME = "$(TARGET_NAME)";
				SKIP_INSTALL = YES;
				SWIFT_VERSION = 4.0;
				TARGETED_DEVICE_FAMILY = "1,2";
			};
			name = Release;
		};
/* End XCBuildConfiguration section */

/* Begin XCConfigurationList section */
		3F25FAFA1FD41E9600606A59 /* Build configuration list for PBXProject "MusicKeyboard" */ = {
			isa = XCConfigurationList;
			buildConfigurations = (
				3F25FB1A1FD41E9800606A59 /* Debug */,
				3F25FB1B1FD41E9800606A59 /* Release */,
			);
			defaultConfigurationIsVisible = 0;
			defaultConfigurationName = Release;
		};
		3F25FB1C1FD41E9800606A59 /* Build configuration list for PBXNativeTarget "MusicKeyboard" */ = {
			isa = XCConfigurationList;
			buildConfigurations = (
				3F25FB1D1FD41E9800606A59 /* Debug */,
				3F25FB1E1FD41E9800606A59 /* Release */,
			);
			defaultConfigurationIsVisible = 0;
			defaultConfigurationName = Release;
		};
		3F25FB1F1FD41E9800606A59 /* Build configuration list for PBXNativeTarget "MusicKeyboardTests" */ = {
			isa = XCConfigurationList;
			buildConfigurations = (
				3F25FB201FD41E9800606A59 /* Debug */,
				3F25FB211FD41E9800606A59 /* Release */,
			);
			defaultConfigurationIsVisible = 0;
			defaultConfigurationName = Release;
		};
		3F25FB2E1FD41F4D00606A59 /* Build configuration list for PBXNativeTarget "MusicKeyboardExtension" */ = {
			isa = XCConfigurationList;
			buildConfigurations = (
				3F25FB2F1FD41F4D00606A59 /* Debug */,
				3F25FB301FD41F4D00606A59 /* Release */,
			);
			defaultConfigurationIsVisible = 0;
			defaultConfigurationName = Release;
		};
/* End XCConfigurationList section */
	};
	rootObject = 3F25FAF71FD41E9600606A59 /* Project object */;
}
